
Microsoft Visual Studio Solution File, Format Version 12.00
# Visual Studio Version 17
VisualStudioVersion = 17.3.32901.215
MinimumVisualStudioVersion = 10.0.40219.1
Project("{FAE04EC0-301F-11D3-BF4B-00C04F79EFBC}") = "DAL", "DAL\DAL.csproj", "{4F7CB950-1838-42EE-A0E8-D48A3F4ADAC1}"
EndProject
Project("{FAE04EC0-301F-11D3-BF4B-00C04F79EFBC}") = "BUS", "BUS\BUS.csproj", "{10BEE057-357A-4C9D-AB3D-AD5F148D2DB9}"
EndProject
Project("{FAE04EC0-301F-11D3-BF4B-00C04F79EFBC}") = "GUI", "GUI\GUI.csproj", "{66442503-454C-4854-B64B-485B89B3BB7F}"
	ProjectSection(ProjectDependencies) = postProject
		{4F7CB950-1838-42EE-A0E8-D48A3F4ADAC1} = {4F7CB950-1838-42EE-A0E8-D48A3F4ADAC1}
	EndProjectSection
EndProject
Global
	GlobalSection(SolutionConfigurationPlatforms) = preSolution
		Debug|Any CPU = Debug|Any CPU
		Release|Any CPU = Release|Any CPU
	EndGlobalSection
	GlobalSection(ProjectConfigurationPlatforms) = postSolution
		{4F7CB950-1838-42EE-A0E8-D48A3F4ADAC1}.Debug|Any CPU.ActiveCfg = Debug|Any CPU
		{4F7CB950-1838-42EE-A0E8-D48A3F4ADAC1}.Debug|Any CPU.Build.0 = Debug|Any CPU
		{4F7CB950-1838-42EE-A0E8-D48A3F4ADAC1}.Release|Any CPU.ActiveCfg = Release|Any CPU
		{4F7CB950-1838-42EE-A0E8-D48A3F4ADAC1}.Release|Any CPU.Build.0 = Release|Any CPU
		{10BEE057-357A-4C9D-AB3D-AD5F148D2DB9}.Debug|Any CPU.ActiveCfg = Debug|Any CPU
		{10BEE057-357A-4C9D-AB3D-AD5F148D2DB9}.Debug|Any CPU.Build.0 = Debug|Any CPU
		{10BEE057-357A-4C9D-AB3D-AD5F148D2DB9}.Release|Any CPU.ActiveCfg = Release|Any CPU
		{10BEE057-357A-4C9D-AB3D-AD5F148D2DB9}.Release|Any CPU.Build.0 = Release|Any CPU
		{66442503-454C-4854-B64B-485B89B3BB7F}.Debug|Any CPU.ActiveCfg = Debug|Any CPU
		{66442503-454C-4854-B64B-485B89B3BB7F}.Debug|Any CPU.Build.0 = Debug|Any CPU
		{66442503-454C-4854-B64B-485B89B3BB7F}.Release|Any CPU.ActiveCfg = Release|Any CPU
		{66442503-454C-4854-B64B-485B89B3BB7F}.Release|Any CPU.Build.0 = Release|Any CPU
	EndGlobalSection
	GlobalSection(SolutionProperties) = preSolution
		HideSolutionNode = FALSE
	EndGlobalSection
	GlobalSection(ExtensibilityGlobals) = postSolution
		SolutionGuid = {21989BDF-C8FD-4EB7-B217-CD4992D15845}
	EndGlobalSection
EndGlobal
